// !$*UTF8*$!
{
	archiveVersion = 1;
	classes = {
	};
	objectVersion = 56;
	objects = {

/* Begin PBXBuildFile section */
		044645AB2E3A363200B7062B /* CountriesApp.swift in Sources */ = {isa = PBXBuildFile; fileRef = 044645AA2E3A363200B7062B /* CountriesApp.swift */; };
		044645AD2E3A363200B7062B /* ContentView.swift in Sources */ = {isa = PBXBuildFile; fileRef = 044645AC2E3A363200B7062B /* ContentView.swift */; };
		044645AF2E3A363900B7062B /* Assets.xcassets in Resources */ = {isa = PBXBuildFile; fileRef = 044645AE2E3A363900B7062B /* Assets.xcassets */; };
		044645B22E3A363900B7062B /* Preview Assets.xcassets in Resources */ = {isa = PBXBuildFile; fileRef = 044645B12E3A363900B7062B /* Preview Assets.xcassets */; };
		044645BA2E3A367600B7062B /* CountryModel.swift in Sources */ = {isa = PBXBuildFile; fileRef = 044645B92E3A367600B7062B /* CountryModel.swift */; };
		044645BE2E3A36DE00B7062B /* ViewModel.swift in Sources */ = {isa = PBXBuildFile; fileRef = 044645BD2E3A36DE00B7062B /* ViewModel.swift */; };
		044645C02E3A371B00B7062B /* CountryDetailsView.swift in Sources */ = {isa = PBXBuildFile; fileRef = 044645BF2E3A371B00B7062B /* CountryDetailsView.swift */; };
		044645C22E3B491400B7062B /* CountryRowView.swift in Sources */ = {isa = PBXBuildFile; fileRef = 044645C12E3B491400B7062B /* CountryRowView.swift */; };
		044645C42E3C943100B7062B /* NetworkModel.swift in Sources */ = {isa = PBXBuildFile; fileRef = 044645C32E3C943100B7062B /* NetworkModel.swift */; };
		044645CE2E40E91B00B7062B /* MapModel.swift in Sources */ = {isa = PBXBuildFile; fileRef = 044645CD2E40E91B00B7062B /* MapModel.swift */; };
		044645D02E40E93E00B7062B /* MapView.swift in Sources */ = {isa = PBXBuildFile; fileRef = 044645CF2E40E93E00B7062B /* MapView.swift */; };
		044645D22E40E95D00B7062B /* MapViewModel.swift in Sources */ = {isa = PBXBuildFile; fileRef = 044645D12E40E95D00B7062B /* MapViewModel.swift */; };
		044645E42E42122900B7062B /* TestView.swift in Sources */ = {isa = PBXBuildFile; fileRef = 044645E32E42122900B7062B /* TestView.swift */; };
		044645E82E43286400B7062B /* Localizable.strings in Resources */ = {isa = PBXBuildFile; fileRef = 044645EA2E43286400B7062B /* Localizable.strings */; };
		044645ED2E43327600B7062B /* LocalizationManager.swift in Sources */ = {isa = PBXBuildFile; fileRef = 044645EC2E43327600B7062B /* LocalizationManager.swift */; };
		044645EF2E43337600B7062B /* BundleModel.swift in Sources */ = {isa = PBXBuildFile; fileRef = 044645EE2E43337600B7062B /* BundleModel.swift */; };
/* End PBXBuildFile section */

/* Begin PBXFileReference section */
		044645A72E3A363200B7062B /* Countries.app */ = {isa = PBXFileReference; explicitFileType = wrapper.application; includeInIndex = 0; path = Countries.app; sourceTree = BUILT_PRODUCTS_DIR; };
		044645AA2E3A363200B7062B /* CountriesApp.swift */ = {isa = PBXFileReference; lastKnownFileType = sourcecode.swift; path = CountriesApp.swift; sourceTree = "<group>"; };
		044645AC2E3A363200B7062B /* ContentView.swift */ = {isa = PBXFileReference; lastKnownFileType = sourcecode.swift; path = ContentView.swift; sourceTree = "<group>"; };
		044645AE2E3A363900B7062B /* Assets.xcassets */ = {isa = PBXFileReference; lastKnownFileType = folder.assetcatalog; path = Assets.xcassets; sourceTree = "<group>"; };
		044645B12E3A363900B7062B /* Preview Assets.xcassets */ = {isa = PBXFileReference; lastKnownFileType = folder.assetcatalog; path = "Preview Assets.xcassets"; sourceTree = "<group>"; };
		044645B92E3A367600B7062B /* CountryModel.swift */ = {isa = PBXFileReference; lastKnownFileType = sourcecode.swift; path = CountryModel.swift; sourceTree = "<group>"; };
		044645BD2E3A36DE00B7062B /* ViewModel.swift */ = {isa = PBXFileReference; lastKnownFileType = sourcecode.swift; path = ViewModel.swift; sourceTree = "<group>"; };
		044645BF2E3A371B00B7062B /* CountryDetailsView.swift */ = {isa = PBXFileReference; lastKnownFileType = sourcecode.swift; path = CountryDetailsView.swift; sourceTree = "<group>"; };
		044645C12E3B491400B7062B /* CountryRowView.swift */ = {isa = PBXFileReference; lastKnownFileType = sourcecode.swift; path = CountryRowView.swift; sourceTree = "<group>"; };
		044645C32E3C943100B7062B /* NetworkModel.swift */ = {isa = PBXFileReference; lastKnownFileType = sourcecode.swift; path = NetworkModel.swift; sourceTree = "<group>"; };
		044645CD2E40E91B00B7062B /* MapModel.swift */ = {isa = PBXFileReference; lastKnownFileType = sourcecode.swift; name = MapModel.swift; path = ../ViewModels/MapModel.swift; sourceTree = "<group>"; };
		044645CF2E40E93E00B7062B /* MapView.swift */ = {isa = PBXFileReference; lastKnownFileType = sourcecode.swift; path = MapView.swift; sourceTree = "<group>"; };
		044645D12E40E95D00B7062B /* MapViewModel.swift */ = {isa = PBXFileReference; lastKnownFileType = sourcecode.swift; path = MapViewModel.swift; sourceTree = "<group>"; };
		044645E32E42122900B7062B /* TestView.swift */ = {isa = PBXFileReference; lastKnownFileType = sourcecode.swift; path = TestView.swift; sourceTree = "<group>"; };
		044645E92E43286400B7062B /* en */ = {isa = PBXFileReference; lastKnownFileType = text.plist.strings; name = en; path = en.lproj/Localizable.strings; sourceTree = "<group>"; };
		044645EB2E43286700B7062B /* ur */ = {isa = PBXFileReference; lastKnownFileType = text.plist.strings; name = ur; path = ur.lproj/Localizable.strings; sourceTree = "<group>"; };
		044645EC2E43327600B7062B /* LocalizationManager.swift */ = {isa = PBXFileReference; lastKnownFileType = sourcecode.swift; path = LocalizationManager.swift; sourceTree = "<group>"; };
		044645EE2E43337600B7062B /* BundleModel.swift */ = {isa = PBXFileReference; lastKnownFileType = sourcecode.swift; path = BundleModel.swift; sourceTree = "<group>"; };
/* End PBXFileReference section */

/* Begin PBXFrameworksBuildPhase section */
		044645A42E3A363200B7062B /* Frameworks */ = {
			isa = PBXFrameworksBuildPhase;
			buildActionMask = 2147483647;
			files = (
			);
			runOnlyForDeploymentPostprocessing = 0;
		};
/* End PBXFrameworksBuildPhase section */

/* Begin PBXGroup section */
		0446459E2E3A363200B7062B = {
			isa = PBXGroup;
			children = (
				044645EA2E43286400B7062B /* Localizable.strings */,
				044645A92E3A363200B7062B /* Countries */,
				044645A82E3A363200B7062B /* Products */,
			);
			sourceTree = "<group>";
		};
		044645A82E3A363200B7062B /* Products */ = {
			isa = PBXGroup;
			children = (
				044645A72E3A363200B7062B /* Countries.app */,
			);
			name = Products;
			sourceTree = "<group>";
		};
		044645A92E3A363200B7062B /* Countries */ = {
			isa = PBXGroup;
			children = (
				044645AA2E3A363200B7062B /* CountriesApp.swift */,
				044645B82E3A365E00B7062B /* Models */,
				044645BC2E3A36BD00B7062B /* ViewModels */,
				044645BB2E3A368800B7062B /* Views */,
				044645AE2E3A363900B7062B /* Assets.xcassets */,
				044645B02E3A363900B7062B /* Preview Content */,
			);
			path = Countries;
			sourceTree = "<group>";
		};
		044645B02E3A363900B7062B /* Preview Content */ = {
			isa = PBXGroup;
			children = (
				044645B12E3A363900B7062B /* Preview Assets.xcassets */,
			);
			path = "Preview Content";
			sourceTree = "<group>";
		};
		044645B82E3A365E00B7062B /* Models */ = {
			isa = PBXGroup;
			children = (
				044645B92E3A367600B7062B /* CountryModel.swift */,
				044645C32E3C943100B7062B /* NetworkModel.swift */,
				044645CD2E40E91B00B7062B /* MapModel.swift */,
				044645EE2E43337600B7062B /* BundleModel.swift */,
			);
			path = Models;
			sourceTree = "<group>";
		};
		044645BB2E3A368800B7062B /* Views */ = {
			isa = PBXGroup;
			children = (
				044645AC2E3A363200B7062B /* ContentView.swift */,
				044645BF2E3A371B00B7062B /* CountryDetailsView.swift */,
				044645C12E3B491400B7062B /* CountryRowView.swift */,
				044645CF2E40E93E00B7062B /* MapView.swift */,
				044645E32E42122900B7062B /* TestView.swift */,
			);
			path = Views;
			sourceTree = "<group>";
		};
		044645BC2E3A36BD00B7062B /* ViewModels */ = {
			isa = PBXGroup;
			children = (
				044645BD2E3A36DE00B7062B /* ViewModel.swift */,
				044645D12E40E95D00B7062B /* MapViewModel.swift */,
				044645EC2E43327600B7062B /* LocalizationManager.swift */,
			);
			path = ViewModels;
			sourceTree = "<group>";
		};
/* End PBXGroup section */

/* Begin PBXNativeTarget section */
		044645A62E3A363200B7062B /* Countries */ = {
			isa = PBXNativeTarget;
			buildConfigurationList = 044645B52E3A363900B7062B /* Build configuration list for PBXNativeTarget "Countries" */;
			buildPhases = (
				044645A32E3A363200B7062B /* Sources */,
				044645A42E3A363200B7062B /* Frameworks */,
				044645A52E3A363200B7062B /* Resources */,
			);
			buildRules = (
			);
			dependencies = (
			);
			name = Countries;
			productName = Countries;
			productReference = 044645A72E3A363200B7062B /* Countries.app */;
			productType = "com.apple.product-type.application";
		};
/* End PBXNativeTarget section */

/* Begin PBXProject section */
		0446459F2E3A363200B7062B /* Project object */ = {
			isa = PBXProject;
			attributes = {
				BuildIndependentTargetsInParallel = 1;
				LastSwiftUpdateCheck = 1520;
				LastUpgradeCheck = 1520;
				TargetAttributes = {
					044645A62E3A363200B7062B = {
						CreatedOnToolsVersion = 15.2;
					};
				};
			};
			buildConfigurationList = 044645A22E3A363200B7062B /* Build configuration list for PBXProject "Countries" */;
			compatibilityVersion = "Xcode 14.0";
			developmentRegion = en;
			hasScannedForEncodings = 0;
			knownRegions = (
				en,
				Base,
				ur,
			);
			mainGroup = 0446459E2E3A363200B7062B;
			productRefGroup = 044645A82E3A363200B7062B /* Products */;
			projectDirPath = "";
			projectRoot = "";
			targets = (
				044645A62E3A363200B7062B /* Countries */,
			);
		};
/* End PBXProject section */

/* Begin PBXResourcesBuildPhase section */
		044645A52E3A363200B7062B /* Resources */ = {
			isa = PBXResourcesBuildPhase;
			buildActionMask = 2147483647;
			files = (
				044645B22E3A363900B7062B /* Preview Assets.xcassets in Resources */,
				044645E82E43286400B7062B /* Localizable.strings in Resources */,
				044645AF2E3A363900B7062B /* Assets.xcassets in Resources */,
			);
			runOnlyForDeploymentPostprocessing = 0;
		};
/* End PBXResourcesBuildPhase section */

/* Begin PBXSourcesBuildPhase section */
		044645A32E3A363200B7062B /* Sources */ = {
			isa = PBXSourcesBuildPhase;
			buildActionMask = 2147483647;
			files = (
				044645CE2E40E91B00B7062B /* MapModel.swift in Sources */,
				044645D22E40E95D00B7062B /* MapViewModel.swift in Sources */,
				044645E42E42122900B7062B /* TestView.swift in Sources */,
				044645C02E3A371B00B7062B /* CountryDetailsView.swift in Sources */,
				044645ED2E43327600B7062B /* LocalizationManager.swift in Sources */,
				044645EF2E43337600B7062B /* BundleModel.swift in Sources */,
				044645AD2E3A363200B7062B /* ContentView.swift in Sources */,
				044645C22E3B491400B7062B /* CountryRowView.swift in Sources */,
				044645AB2E3A363200B7062B /* CountriesApp.swift in Sources */,
				044645BE2E3A36DE00B7062B /* ViewModel.swift in Sources */,
				044645C42E3C943100B7062B /* NetworkModel.swift in Sources */,
				044645D02E40E93E00B7062B /* MapView.swift in Sources */,
				044645BA2E3A367600B7062B /* CountryModel.swift in Sources */,
			);
			runOnlyForDeploymentPostprocessing = 0;
		};
/* End PBXSourcesBuildPhase section */

/* Begin PBXVariantGroup section */
		044645EA2E43286400B7062B /* Localizable.strings */ = {
			isa = PBXVariantGroup;
			children = (
				044645E92E43286400B7062B /* en */,
				044645EB2E43286700B7062B /* ur */,
			);
			name = Localizable.strings;
			sourceTree = "<group>";
		};
/* End PBXVariantGroup section */

/* Begin XCBuildConfiguration section */
		044645B32E3A363900B7062B /* Debug */ = {
			isa = XCBuildConfiguration;
			buildSettings = {
				ALWAYS_SEARCH_USER_PATHS = NO;
				ASSETCATALOG_COMPILER_GENERATE_SWIFT_ASSET_SYMBOL_EXTENSIONS = YES;
				CLANG_ANALYZER_LOCALIZABILITY_NONLOCALIZED = YES;
				CLANG_ANALYZER_NONNULL = YES;
				CLANG_ANALYZER_NUMBER_OBJECT_CONVERSION = YES_AGGRESSIVE;
				CLANG_CXX_LANGUAGE_STANDARD = "gnu++20";
				CLANG_ENABLE_MODULES = YES;
				CLANG_ENABLE_OBJC_ARC = YES;
				CLANG_ENABLE_OBJC_WEAK = YES;
				CLANG_WARN_BLOCK_CAPTURE_AUTORELEASING = YES;
				CLANG_WARN_BOOL_CONVERSION = YES;
				CLANG_WARN_COMMA = YES;
				CLANG_WARN_CONSTANT_CONVERSION = YES;
				CLANG_WARN_DEPRECATED_OBJC_IMPLEMENTATIONS = YES;
				CLANG_WARN_DIRECT_OBJC_ISA_USAGE = YES_ERROR;
				CLANG_WARN_DOCUMENTATION_COMMENTS = YES;
				CLANG_WARN_EMPTY_BODY = YES;
				CLANG_WARN_ENUM_CONVERSION = YES;
				CLANG_WARN_INFINITE_RECURSION = YES;
				CLANG_WARN_INT_CONVERSION = YES;
				CLANG_WARN_NON_LITERAL_NULL_CONVERSION = YES;
				CLANG_WARN_OBJC_IMPLICIT_RETAIN_SELF = YES;
				CLANG_WARN_OBJC_LITERAL_CONVERSION = YES;
				CLANG_WARN_OBJC_ROOT_CLASS = YES_ERROR;
				CLANG_WARN_QUOTED_INCLUDE_IN_FRAMEWORK_HEADER = YES;
				CLANG_WARN_RANGE_LOOP_ANALYSIS = YES;
				CLANG_WARN_STRICT_PROTOTYPES = YES;
				CLANG_WARN_SUSPICIOUS_MOVE = YES;
				CLANG_WARN_UNGUARDED_AVAILABILITY = YES_AGGRESSIVE;
				CLANG_WARN_UNREACHABLE_CODE = YES;
				CLANG_WARN__DUPLICATE_METHOD_MATCH = YES;
				COPY_PHASE_STRIP = NO;
				DEBUG_INFORMATION_FORMAT = dwarf;
				ENABLE_STRICT_OBJC_MSGSEND = YES;
				ENABLE_TESTABILITY = YES;
				ENABLE_USER_SCRIPT_SANDBOXING = YES;
				GCC_C_LANGUAGE_STANDARD = gnu17;
				GCC_DYNAMIC_NO_PIC = NO;
				GCC_NO_COMMON_BLOCKS = YES;
				GCC_OPTIMIZATION_LEVEL = 0;
				GCC_PREPROCESSOR_DEFINITIONS = (
					"DEBUG=1",
					"$(inherited)",
				);
				GCC_WARN_64_TO_32_BIT_CONVERSION = YES;
				GCC_WARN_ABOUT_RETURN_TYPE = YES_ERROR;
				GCC_WARN_UNDECLARED_SELECTOR = YES;
				GCC_WARN_UNINITIALIZED_AUTOS = YES_AGGRESSIVE;
				GCC_WARN_UNUSED_FUNCTION = YES;
				GCC_WARN_UNUSED_VARIABLE = YES;
				IPHONEOS_DEPLOYMENT_TARGET = 17.2;
				LOCALIZATION_PREFERS_STRING_CATALOGS = YES;
				MTL_ENABLE_DEBUG_INFO = INCLUDE_SOURCE;
				MTL_FAST_MATH = YES;
				ONLY_ACTIVE_ARCH = YES;
				SDKROOT = iphoneos;
				SWIFT_ACTIVE_COMPILATION_CONDITIONS = "DEBUG $(inherited)";
				SWIFT_OPTIMIZATION_LEVEL = "-Onone";
			};
			name = Debug;
		};
		044645B42E3A363900B7062B /* Release */ = {
			isa = XCBuildConfiguration;
			buildSettings = {
				ALWAYS_SEARCH_USER_PATHS = NO;
				ASSETCATALOG_COMPILER_GENERATE_SWIFT_ASSET_SYMBOL_EXTENSIONS = YES;
				CLANG_ANALYZER_LOCALIZABILITY_NONLOCALIZED = YES;
				CLANG_ANALYZER_NONNULL = YES;
				CLANG_ANALYZER_NUMBER_OBJECT_CONVERSION = YES_AGGRESSIVE;
				CLANG_CXX_LANGUAGE_STANDARD = "gnu++20";
				CLANG_ENABLE_MODULES = YES;
				CLANG_ENABLE_OBJC_ARC = YES;
				CLANG_ENABLE_OBJC_WEAK = YES;
				CLANG_WARN_BLOCK_CAPTURE_AUTORELEASING = YES;
				CLANG_WARN_BOOL_CONVERSION = YES;
				CLANG_WARN_COMMA = YES;
				CLANG_WARN_CONSTANT_CONVERSION = YES;
				CLANG_WARN_DEPRECATED_OBJC_IMPLEMENTATIONS = YES;
				CLANG_WARN_DIRECT_OBJC_ISA_USAGE = YES_ERROR;
				CLANG_WARN_DOCUMENTATION_COMMENTS = YES;
				CLANG_WARN_EMPTY_BODY = YES;
				CLANG_WARN_ENUM_CONVERSION = YES;
				CLANG_WARN_INFINITE_RECURSION = YES;
				CLANG_WARN_INT_CONVERSION = YES;
				CLANG_WARN_NON_LITERAL_NULL_CONVERSION = YES;
				CLANG_WARN_OBJC_IMPLICIT_RETAIN_SELF = YES;
				CLANG_WARN_OBJC_LITERAL_CONVERSION = YES;
				CLANG_WARN_OBJC_ROOT_CLASS = YES_ERROR;
				CLANG_WARN_QUOTED_INCLUDE_IN_FRAMEWORK_HEADER = YES;
				CLANG_WARN_RANGE_LOOP_ANALYSIS = YES;
				CLANG_WARN_STRICT_PROTOTYPES = YES;
				CLANG_WARN_SUSPICIOUS_MOVE = YES;
				CLANG_WARN_UNGUARDED_AVAILABILITY = YES_AGGRESSIVE;
				CLANG_WARN_UNREACHABLE_CODE = YES;
				CLANG_WARN__DUPLICATE_METHOD_MATCH = YES;
				COPY_PHASE_STRIP = NO;
				DEBUG_INFORMATION_FORMAT = "dwarf-with-dsym";
				ENABLE_NS_ASSERTIONS = NO;
				ENABLE_STRICT_OBJC_MSGSEND = YES;
				ENABLE_USER_SCRIPT_SANDBOXING = YES;
				GCC_C_LANGUAGE_STANDARD = gnu17;
				GCC_NO_COMMON_BLOCKS = YES;
				GCC_WARN_64_TO_32_BIT_CONVERSION = YES;
				GCC_WARN_ABOUT_RETURN_TYPE = YES_ERROR;
				GCC_WARN_UNDECLARED_SELECTOR = YES;
				GCC_WARN_UNINITIALIZED_AUTOS = YES_AGGRESSIVE;
				GCC_WARN_UNUSED_FUNCTION = YES;
				GCC_WARN_UNUSED_VARIABLE = YES;
				IPHONEOS_DEPLOYMENT_TARGET = 17.2;
				LOCALIZATION_PREFERS_STRING_CATALOGS = YES;
				MTL_ENABLE_DEBUG_INFO = NO;
				MTL_FAST_MATH = YES;
				SDKROOT = iphoneos;
				SWIFT_COMPILATION_MODE = wholemodule;
				VALIDATE_PRODUCT = YES;
			};
			name = Release;
		};
		044645B62E3A363900B7062B /* Debug */ = {
			isa = XCBuildConfiguration;
			buildSettings = {
				ASSETCATALOG_COMPILER_APPICON_NAME = AppIcon;
				ASSETCATALOG_COMPILER_GLOBAL_ACCENT_COLOR_NAME = AccentColor;
				CODE_SIGN_STYLE = Automatic;
				CURRENT_PROJECT_VERSION = 1;
				DEVELOPMENT_ASSET_PATHS = "\"Countries/Preview Content\"";
				DEVELOPMENT_TEAM = YBC6QZE5G7;
				ENABLE_PREVIEWS = YES;
				GENERATE_INFOPLIST_FILE = YES;
				INFOPLIST_KEY_UIApplicationSceneManifest_Generation = YES;
				INFOPLIST_KEY_UIApplicationSupportsIndirectInputEvents = YES;
				INFOPLIST_KEY_UILaunchScreen_Generation = YES;
				INFOPLIST_KEY_UISupportedInterfaceOrientations_iPad = "UIInterfaceOrientationPortrait UIInterfaceOrientationPortraitUpsideDown UIInterfaceOrientationLandscapeLeft UIInterfaceOrientationLandscapeRight";
				INFOPLIST_KEY_UISupportedInterfaceOrientations_iPhone = "UIInterfaceOrientationPortrait UIInterfaceOrientationLandscapeLeft UIInterfaceOrientationLandscapeRight";
				LD_RUNPATH_SEARCH_PATHS = (
					"$(inherited)",
					"@executable_path/Frameworks",
				);
				MARKETING_VERSION = 1.0;
				PRODUCT_BUNDLE_IDENTIFIER = com.Countries1;
				PRODUCT_NAME = "$(TARGET_NAME)";
				SWIFT_EMIT_LOC_STRINGS = YES;
				SWIFT_VERSION = 5.0;
				TARGETED_DEVICE_FAMILY = "1,2";
			};
			name = Debug;
		};
		044645B72E3A363900B7062B /* Release */ = {
			isa = XCBuildConfiguration;
			buildSettings = {
				ASSETCATALOG_COMPILER_APPICON_NAME = AppIcon;
				ASSETCATALOG_COMPILER_GLOBAL_ACCENT_COLOR_NAME = AccentColor;
				CODE_SIGN_STYLE = Automatic;
				CURRENT_PROJECT_VERSION = 1;
				DEVELOPMENT_ASSET_PATHS = "\"Countries/Preview Content\"";
				DEVELOPMENT_TEAM = YBC6QZE5G7;
				ENABLE_PREVIEWS = YES;
				GENERATE_INFOPLIST_FILE = YES;
				INFOPLIST_KEY_UIApplicationSceneManifest_Generation = YES;
				INFOPLIST_KEY_UIApplicationSupportsIndirectInputEvents = YES;
				INFOPLIST_KEY_UILaunchScreen_Generation = YES;
				INFOPLIST_KEY_UISupportedInterfaceOrientations_iPad = "UIInterfaceOrientationPortrait UIInterfaceOrientationPortraitUpsideDown UIInterfaceOrientationLandscapeLeft UIInterfaceOrientationLandscapeRight";
				INFOPLIST_KEY_UISupportedInterfaceOrientations_iPhone = "UIInterfaceOrientationPortrait UIInterfaceOrientationLandscapeLeft UIInterfaceOrientationLandscapeRight";
				LD_RUNPATH_SEARCH_PATHS = (
					"$(inherited)",
					"@executable_path/Frameworks",
				);
				MARKETING_VERSION = 1.0;
				PRODUCT_BUNDLE_IDENTIFIER = com.Countries1;
				PRODUCT_NAME = "$(TARGET_NAME)";
				SWIFT_EMIT_LOC_STRINGS = YES;
				SWIFT_VERSION = 5.0;
				TARGETED_DEVICE_FAMILY = "1,2";
			};
			name = Release;
		};
/* End XCBuildConfiguration section */

/* Begin XCConfigurationList section */
		044645A22E3A363200B7062B /* Build configuration list for PBXProject "Countries" */ = {
			isa = XCConfigurationList;
			buildConfigurations = (
				044645B32E3A363900B7062B /* Debug */,
				044645B42E3A363900B7062B /* Release */,
			);
			defaultConfigurationIsVisible = 0;
			defaultConfigurationName = Release;
		};
		044645B52E3A363900B7062B /* Build configuration list for PBXNativeTarget "Countries" */ = {
			isa = XCConfigurationList;
			buildConfigurations = (
				044645B62E3A363900B7062B /* Debug */,
				044645B72E3A363900B7062B /* Release */,
			);
			defaultConfigurationIsVisible = 0;
			defaultConfigurationName = Release;
		};
/* End XCConfigurationList section */
	};
	rootObject = 0446459F2E3A363200B7062B /* Project object */;
}
